{
  "name": "react-crossword",
  "version": "0.2.0",
  "lockfileVersion": 3,
  "requires": true,
  "packages": {
    "": {
      "name": "react-crossword",
      "version": "0.2.0",
      "dependencies": {
        "bonzo": "^2.0.0",
        "fastdom": "^1.0.12",
        "lodash": "^4.17.21",
        "qwery": "^4.0.0"
      },
      "peerDependencies": {
        "react": "^19.0.0",
        "react-dom": "^19.0.0"
      }
    },
    "node_modules/bonzo": {
      "version": "2.0.0",
      "resolved": "https://registry.npmjs.org/bonzo/-/bonzo-2.0.0.tgz",
      "integrity": "sha512-RQG5bX6VhxP6H8hOcU5LNk9FmfKwppbxVj8J1cVSZcHYyKaxyC+tV5VUhRYzpgsw5AsYmlsQpBLIGu6DPXPngA=="
    },
    "node_modules/fastdom": {
      "version": "1.0.12",
      "resolved": "https://registry.npmjs.org/fastdom/-/fastdom-1.0.12.tgz",
      "integrity": "sha512-LB+xjSTEbjHE1cWsxu+tN2Xqr1kpi+V9aADI7sVM5ZMaXyYGPHULQMzpJMYqOTULK/73pUkWVzzObFRBkPr+hg==",
      "license": "MIT",
      "dependencies": {
        "strictdom": "^1.0.1"
      }
    },
    "node_modules/lodash": {
      "version": "4.17.21",
      "resolved": "https://registry.npmjs.org/lodash/-/lodash-4.17.21.tgz",
      "integrity": "sha512-v2kDEe57lecTulaDIuNTPy3Ry4gLGJ6Z1O3vE1krgXZNrsQ+LFTGHVxVjcXPs17LhbZVGedAJv8XZ1tvj5FvSg==",
      "license": "MIT"
    },
    "node_modules/qwery": {
      "version": "4.0.0",
      "resolved": "https://registry.npmjs.org/qwery/-/qwery-4.0.0.tgz",
      "integrity": "sha512-aQapsrAZapZXVbMIUTPsuclkkxU8/nEk3PanYLRu1WaGZoAGxm5BGcq353RVATVfqObBandy8sbAh6gR28TNNg=="
    },
    "node_modules/react": {
      "version": "19.0.0",
      "resolved": "https://registry.npmjs.org/react/-/react-19.0.0.tgz",
      "integrity": "sha512-V8AVnmPIICiWpGfm6GLzCR/W5FXLchHop40W4nXBmdlEceh16rCN8O8LNWm5bh5XUX91fh7KpA+W0TgMKmgTpQ==",
      "license": "MIT",
      "peer": true,
      "engines": {
        "node": ">=0.10.0"
      }
    },
    "node_modules/react-dom": {
      "version": "19.0.0",
      "resolved": "https://registry.npmjs.org/react-dom/-/react-dom-19.0.0.tgz",
      "integrity": "sha512-4GV5sHFG0e/0AD4X+ySy6UJd3jVl1iNsNHdpad0qhABJ11twS3TTBnseqsKurKcsNqCEFeGL3uLpVChpIO3QfQ==",
      "license": "MIT",
      "peer": true,
      "dependencies": {
        "scheduler": "^0.25.0"
      },
      "peerDependencies": {
        "react": "^19.0.0"
      }
    },
    "node_modules/scheduler": {
      "version": "0.25.0",
      "resolved": "https://registry.npmjs.org/scheduler/-/scheduler-0.25.0.tgz",
      "integrity": "sha512-xFVuu11jh+xcO7JOAGJNOXld8/TcEHK/4CituBUeUb5hqxJLj9YuemAEuvm9gQ/+pgXYfbQuqAkiYu+u7YEsNA==",
      "license": "MIT",
      "peer": true
    },
    "node_modules/strictdom": {
      "version": "1.0.1",
      "resolved": "https://registry.npmjs.org/strictdom/-/strictdom-1.0.1.tgz",
      "integrity": "sha512-cEmp9QeXXRmjj/rVp9oyiqcvyocWab/HaoN4+bwFeZ7QzykJD6L3yD4v12K1x0tHpqRqVpJevN3gW7kyM39Bqg==",
      "license": "MIT"
    }
  }
}
